// !$*UTF8*$!
{
	archiveVersion = 1;
	classes = {
	};
	objectVersion = 46;
	objects = {

/* Begin PBXBuildFile section */
		C20AE5201D18E02D00628CC1 /* AppDelegate.swift in Sources */ = {isa = PBXBuildFile; fileRef = C20AE51F1D18E02D00628CC1 /* AppDelegate.swift */; };
		C20AE5221D18E02D00628CC1 /* ViewController.swift in Sources */ = {isa = PBXBuildFile; fileRef = C20AE5211D18E02D00628CC1 /* ViewController.swift */; };
		C20AE5251D18E02D00628CC1 /* Main.storyboard in Resources */ = {isa = PBXBuildFile; fileRef = C20AE5231D18E02D00628CC1 /* Main.storyboard */; };
		C20AE5271D18E02D00628CC1 /* Assets.xcassets in Resources */ = {isa = PBXBuildFile; fileRef = C20AE5261D18E02D00628CC1 /* Assets.xcassets */; };
		C20AE52A1D18E02D00628CC1 /* LaunchScreen.storyboard in Resources */ = {isa = PBXBuildFile; fileRef = C20AE5281D18E02D00628CC1 /* LaunchScreen.storyboard */; };
		C20AE5351D18E02D00628CC1 /* ProgressHUDTests.swift in Sources */ = {isa = PBXBuildFile; fileRef = C20AE5341D18E02D00628CC1 /* ProgressHUDTests.swift */; };
		C20AE5401D18E02E00628CC1 /* ProgressHUDUITests.swift in Sources */ = {isa = PBXBuildFile; fileRef = C20AE53F1D18E02E00628CC1 /* ProgressHUDUITests.swift */; };
		C20AE54E1D18E09B00628CC1 /* ProgressHUD.swift in Sources */ = {isa = PBXBuildFile; fileRef = C20AE54D1D18E09B00628CC1 /* ProgressHUD.swift */; };
/* End PBXBuildFile section */

/* Begin PBXContainerItemProxy section */
		C20AE5311D18E02D00628CC1 /* PBXContainerItemProxy */ = {
			isa = PBXContainerItemProxy;
			containerPortal = C20AE5141D18E02D00628CC1 /* Project object */;
			proxyType = 1;
			remoteGlobalIDString = C20AE51B1D18E02D00628CC1;
			remoteInfo = ProgressHUD;
		};
		C20AE53C1D18E02D00628CC1 /* PBXContainerItemProxy */ = {
			isa = PBXContainerItemProxy;
			containerPortal = C20AE5141D18E02D00628CC1 /* Project object */;
			proxyType = 1;
			remoteGlobalIDString = C20AE51B1D18E02D00628CC1;
			remoteInfo = ProgressHUD;
		};
/* End PBXContainerItemProxy section */

/* Begin PBXFileReference section */
		C20AE51C1D18E02D00628CC1 /* ProgressHUD.app */ = {isa = PBXFileReference; explicitFileType = wrapper.application; includeInIndex = 0; path = ProgressHUD.app; sourceTree = BUILT_PRODUCTS_DIR; };
		C20AE51F1D18E02D00628CC1 /* AppDelegate.swift */ = {isa = PBXFileReference; lastKnownFileType = sourcecode.swift; path = AppDelegate.swift; sourceTree = "<group>"; };
		C20AE5211D18E02D00628CC1 /* ViewController.swift */ = {isa = PBXFileReference; lastKnownFileType = sourcecode.swift; path = ViewController.swift; sourceTree = "<group>"; };
		C20AE5241D18E02D00628CC1 /* Base */ = {isa = PBXFileReference; lastKnownFileType = file.storyboard; name = Base; path = Base.lproj/Main.storyboard; sourceTree = "<group>"; };
		C20AE5261D18E02D00628CC1 /* Assets.xcassets */ = {isa = PBXFileReference; lastKnownFileType = folder.assetcatalog; path = Assets.xcassets; sourceTree = "<group>"; };
		C20AE5291D18E02D00628CC1 /* Base */ = {isa = PBXFileReference; lastKnownFileType = file.storyboard; name = Base; path = Base.lproj/LaunchScreen.storyboard; sourceTree = "<group>"; };
		C20AE52B1D18E02D00628CC1 /* Info.plist */ = {isa = PBXFileReference; lastKnownFileType = text.plist.xml; path = Info.plist; sourceTree = "<group>"; };
		C20AE5301D18E02D00628CC1 /* ProgressHUDTests.xctest */ = {isa = PBXFileReference; explicitFileType = wrapper.cfbundle; includeInIndex = 0; path = ProgressHUDTests.xctest; sourceTree = BUILT_PRODUCTS_DIR; };
		C20AE5341D18E02D00628CC1 /* ProgressHUDTests.swift */ = {isa = PBXFileReference; lastKnownFileType = sourcecode.swift; path = ProgressHUDTests.swift; sourceTree = "<group>"; };
		C20AE5361D18E02D00628CC1 /* Info.plist */ = {isa = PBXFileReference; lastKnownFileType = text.plist.xml; path = Info.plist; sourceTree = "<group>"; };
		C20AE53B1D18E02D00628CC1 /* ProgressHUDUITests.xctest */ = {isa = PBXFileReference; explicitFileType = wrapper.cfbundle; includeInIndex = 0; path = ProgressHUDUITests.xctest; sourceTree = BUILT_PRODUCTS_DIR; };
		C20AE53F1D18E02E00628CC1 /* ProgressHUDUITests.swift */ = {isa = PBXFileReference; lastKnownFileType = sourcecode.swift; path = ProgressHUDUITests.swift; sourceTree = "<group>"; };
		C20AE5411D18E02E00628CC1 /* Info.plist */ = {isa = PBXFileReference; lastKnownFileType = text.plist.xml; path = Info.plist; sourceTree = "<group>"; };
		C20AE54D1D18E09B00628CC1 /* ProgressHUD.swift */ = {isa = PBXFileReference; fileEncoding = 4; lastKnownFileType = sourcecode.swift; path = ProgressHUD.swift; sourceTree = "<group>"; };
/* End PBXFileReference section */

/* Begin PBXFrameworksBuildPhase section */
		C20AE5191D18E02D00628CC1 /* Frameworks */ = {
			isa = PBXFrameworksBuildPhase;
			buildActionMask = 2147483647;
			files = (
			);
			runOnlyForDeploymentPostprocessing = 0;
		};
		C20AE52D1D18E02D00628CC1 /* Frameworks */ = {
			isa = PBXFrameworksBuildPhase;
			buildActionMask = 2147483647;
			files = (
			);
			runOnlyForDeploymentPostprocessing = 0;
		};
		C20AE5381D18E02D00628CC1 /* Frameworks */ = {
			isa = PBXFrameworksBuildPhase;
			buildActionMask = 2147483647;
			files = (
			);
			runOnlyForDeploymentPostprocessing = 0;
		};
/* End PBXFrameworksBuildPhase section */

/* Begin PBXGroup section */
		C20AE5131D18E02D00628CC1 = {
			isa = PBXGroup;
			children = (
				C20AE51E1D18E02D00628CC1 /* ProgressHUD */,
				C20AE5331D18E02D00628CC1 /* ProgressHUDTests */,
				C20AE53E1D18E02D00628CC1 /* ProgressHUDUITests */,
				C20AE51D1D18E02D00628CC1 /* Products */,
			);
			sourceTree = "<group>";
		};
		C20AE51D1D18E02D00628CC1 /* Products */ = {
			isa = PBXGroup;
			children = (
				C20AE51C1D18E02D00628CC1 /* ProgressHUD.app */,
				C20AE5301D18E02D00628CC1 /* ProgressHUDTests.xctest */,
				C20AE53B1D18E02D00628CC1 /* ProgressHUDUITests.xctest */,
			);
			name = Products;
			sourceTree = "<group>";
		};
		C20AE51E1D18E02D00628CC1 /* ProgressHUD */ = {
			isa = PBXGroup;
			children = (
				C20AE51F1D18E02D00628CC1 /* AppDelegate.swift */,
				C20AE54D1D18E09B00628CC1 /* ProgressHUD.swift */,
				C20AE5211D18E02D00628CC1 /* ViewController.swift */,
				C20AE5231D18E02D00628CC1 /* Main.storyboard */,
				C20AE5261D18E02D00628CC1 /* Assets.xcassets */,
				C20AE5281D18E02D00628CC1 /* LaunchScreen.storyboard */,
				C20AE52B1D18E02D00628CC1 /* Info.plist */,
			);
			path = ProgressHUD;
			sourceTree = "<group>";
		};
		C20AE5331D18E02D00628CC1 /* ProgressHUDTests */ = {
			isa = PBXGroup;
			children = (
				C20AE5341D18E02D00628CC1 /* ProgressHUDTests.swift */,
				C20AE5361D18E02D00628CC1 /* Info.plist */,
			);
			path = ProgressHUDTests;
			sourceTree = "<group>";
		};
		C20AE53E1D18E02D00628CC1 /* ProgressHUDUITests */ = {
			isa = PBXGroup;
			children = (
				C20AE53F1D18E02E00628CC1 /* ProgressHUDUITests.swift */,
				C20AE5411D18E02E00628CC1 /* Info.plist */,
			);
			path = ProgressHUDUITests;
			sourceTree = "<group>";
		};
/* End PBXGroup section */

/* Begin PBXNativeTarget section */
		C20AE51B1D18E02D00628CC1 /* ProgressHUD */ = {
			isa = PBXNativeTarget;
			buildConfigurationList = C20AE5441D18E02E00628CC1 /* Build configuration list for PBXNativeTarget "ProgressHUD" */;
			buildPhases = (
				C20AE5181D18E02D00628CC1 /* Sources */,
				C20AE5191D18E02D00628CC1 /* Frameworks */,
				C20AE51A1D18E02D00628CC1 /* Resources */,
			);
			buildRules = (
			);
			dependencies = (
			);
			name = ProgressHUD;
			productName = ProgressHUD;
			productReference = C20AE51C1D18E02D00628CC1 /* ProgressHUD.app */;
			productType = "com.apple.product-type.application";
		};
		C20AE52F1D18E02D00628CC1 /* ProgressHUDTests */ = {
			isa = PBXNativeTarget;
			buildConfigurationList = C20AE5471D18E02E00628CC1 /* Build configuration list for PBXNativeTarget "ProgressHUDTests" */;
			buildPhases = (
				C20AE52C1D18E02D00628CC1 /* Sources */,
				C20AE52D1D18E02D00628CC1 /* Frameworks */,
				C20AE52E1D18E02D00628CC1 /* Resources */,
			);
			buildRules = (
			);
			dependencies = (
				C20AE5321D18E02D00628CC1 /* PBXTargetDependency */,
			);
			name = ProgressHUDTests;
			productName = ProgressHUDTests;
			productReference = C20AE5301D18E02D00628CC1 /* ProgressHUDTests.xctest */;
			productType = "com.apple.product-type.bundle.unit-test";
		};
		C20AE53A1D18E02D00628CC1 /* ProgressHUDUITests */ = {
			isa = PBXNativeTarget;
			buildConfigurationList = C20AE54A1D18E02E00628CC1 /* Build configuration list for PBXNativeTarget "ProgressHUDUITests" */;
			buildPhases = (
				C20AE5371D18E02D00628CC1 /* Sources */,
				C20AE5381D18E02D00628CC1 /* Frameworks */,
				C20AE5391D18E02D00628CC1 /* Resources */,
			);
			buildRules = (
			);
			dependencies = (
				C20AE53D1D18E02D00628CC1 /* PBXTargetDependency */,
			);
			name = ProgressHUDUITests;
			productName = ProgressHUDUITests;
			productReference = C20AE53B1D18E02D00628CC1 /* ProgressHUDUITests.xctest */;
			productType = "com.apple.product-type.bundle.ui-testing";
		};
/* End PBXNativeTarget section */

/* Begin PBXProject section */
		C20AE5141D18E02D00628CC1 /* Project object */ = {
			isa = PBXProject;
			attributes = {
				LastSwiftUpdateCheck = 0730;
				LastUpgradeCheck = 0730;
				ORGANIZATIONNAME = "yuxi xiong";
				TargetAttributes = {
					C20AE51B1D18E02D00628CC1 = {
						CreatedOnToolsVersion = 7.3;
					};
					C20AE52F1D18E02D00628CC1 = {
						CreatedOnToolsVersion = 7.3;
						TestTargetID = C20AE51B1D18E02D00628CC1;
					};
					C20AE53A1D18E02D00628CC1 = {
						CreatedOnToolsVersion = 7.3;
						TestTargetID = C20AE51B1D18E02D00628CC1;
					};
				};
			};
			buildConfigurationList = C20AE5171D18E02D00628CC1 /* Build configuration list for PBXProject "ProgressHUD" */;
			compatibilityVersion = "Xcode 3.2";
			developmentRegion = English;
			hasScannedForEncodings = 0;
			knownRegions = (
				en,
				Base,
			);
			mainGroup = C20AE5131D18E02D00628CC1;
			productRefGroup = C20AE51D1D18E02D00628CC1 /* Products */;
			projectDirPath = "";
			projectRoot = "";
			targets = (
				C20AE51B1D18E02D00628CC1 /* ProgressHUD */,
				C20AE52F1D18E02D00628CC1 /* ProgressHUDTests */,
				C20AE53A1D18E02D00628CC1 /* ProgressHUDUITests */,
			);
		};
/* End PBXProject section */

/* Begin PBXResourcesBuildPhase section */
		C20AE51A1D18E02D00628CC1 /* Resources */ = {
			isa = PBXResourcesBuildPhase;
			buildActionMask = 2147483647;
			files = (
				C20AE52A1D18E02D00628CC1 /* LaunchScreen.storyboard in Resources */,
				C20AE5271D18E02D00628CC1 /* Assets.xcassets in Resources */,
				C20AE5251D18E02D00628CC1 /* Main.storyboard in Resources */,
			);
			runOnlyForDeploymentPostprocessing = 0;
		};
		C20AE52E1D18E02D00628CC1 /* Resources */ = {
			isa = PBXResourcesBuildPhase;
			buildActionMask = 2147483647;
			files = (
			);
			runOnlyForDeploymentPostprocessing = 0;
		};
		C20AE5391D18E02D00628CC1 /* Resources */ = {
			isa = PBXResourcesBuildPhase;
			buildActionMask = 2147483647;
			files = (
			);
			runOnlyForDeploymentPostprocessing = 0;
		};
/* End PBXResourcesBuildPhase section */

/* Begin PBXSourcesBuildPhase section */
		C20AE5181D18E02D00628CC1 /* Sources */ = {
			isa = PBXSourcesBuildPhase;
			buildActionMask = 2147483647;
			files = (
				C20AE5221D18E02D00628CC1 /* ViewController.swift in Sources */,
				C20AE5201D18E02D00628CC1 /* AppDelegate.swift in Sources */,
				C20AE54E1D18E09B00628CC1 /* ProgressHUD.swift in Sources */,
			);
			runOnlyForDeploymentPostprocessing = 0;
		};
		C20AE52C1D18E02D00628CC1 /* Sources */ = {
			isa = PBXSourcesBuildPhase;
			buildActionMask = 2147483647;
			files = (
				C20AE5351D18E02D00628CC1 /* ProgressHUDTests.swift in Sources */,
			);
			runOnlyForDeploymentPostprocessing = 0;
		};
		C20AE5371D18E02D00628CC1 /* Sources */ = {
			isa = PBXSourcesBuildPhase;
			buildActionMask = 2147483647;
			files = (
				C20AE5401D18E02E00628CC1 /* ProgressHUDUITests.swift in Sources */,
			);
			runOnlyForDeploymentPostprocessing = 0;
		};
/* End PBXSourcesBuildPhase section */

/* Begin PBXTargetDependency section */
		C20AE5321D18E02D00628CC1 /* PBXTargetDependency */ = {
			isa = PBXTargetDependency;
			target = C20AE51B1D18E02D00628CC1 /* ProgressHUD */;
			targetProxy = C20AE5311D18E02D00628CC1 /* PBXContainerItemProxy */;
		};
		C20AE53D1D18E02D00628CC1 /* PBXTargetDependency */ = {
			isa = PBXTargetDependency;
			target = C20AE51B1D18E02D00628CC1 /* ProgressHUD */;
			targetProxy = C20AE53C1D18E02D00628CC1 /* PBXContainerItemProxy */;
		};
/* End PBXTargetDependency section */

/* Begin PBXVariantGroup section */
		C20AE5231D18E02D00628CC1 /* Main.storyboard */ = {
			isa = PBXVariantGroup;
			children = (
				C20AE5241D18E02D00628CC1 /* Base */,
			);
			name = Main.storyboard;
			sourceTree = "<group>";
		};
		C20AE5281D18E02D00628CC1 /* LaunchScreen.storyboard */ = {
			isa = PBXVariantGroup;
			children = (
				C20AE5291D18E02D00628CC1 /* Base */,
			);
			name = LaunchScreen.storyboard;
			sourceTree = "<group>";
		};
/* End PBXVariantGroup section */

/* Begin XCBuildConfiguration section */
		C20AE5421D18E02E00628CC1 /* Debug */ = {
			isa = XCBuildConfiguration;
			buildSettings = {
				ALWAYS_SEARCH_USER_PATHS = NO;
				CLANG_ANALYZER_NONNULL = YES;
				CLANG_CXX_LANGUAGE_STANDARD = "gnu++0x";
				CLANG_CXX_LIBRARY = "libc++";
				CLANG_ENABLE_MODULES = YES;
				CLANG_ENABLE_OBJC_ARC = YES;
				CLANG_WARN_BOOL_CONVERSION = YES;
				CLANG_WARN_CONSTANT_CONVERSION = YES;
				CLANG_WARN_DIRECT_OBJC_ISA_USAGE = YES_ERROR;
				CLANG_WARN_EMPTY_BODY = YES;
				CLANG_WARN_ENUM_CONVERSION = YES;
				CLANG_WARN_INT_CONVERSION = YES;
				CLANG_WARN_OBJC_ROOT_CLASS = YES_ERROR;
				CLANG_WARN_UNREACHABLE_CODE = YES;
				CLANG_WARN__DUPLICATE_METHOD_MATCH = YES;
				"CODE_SIGN_IDENTITY[sdk=iphoneos*]" = "iPhone Developer";
				COPY_PHASE_STRIP = NO;
				DEBUG_INFORMATION_FORMAT = dwarf;
				ENABLE_STRICT_OBJC_MSGSEND = YES;
				ENABLE_TESTABILITY = YES;
				GCC_C_LANGUAGE_STANDARD = gnu99;
				GCC_DYNAMIC_NO_PIC = NO;
				GCC_NO_COMMON_BLOCKS = YES;
				GCC_OPTIMIZATION_LEVEL = 0;
				GCC_PREPROCESSOR_DEFINITIONS = (
					"DEBUG=1",
					"$(inherited)",
				);
				GCC_WARN_64_TO_32_BIT_CONVERSION = YES;
				GCC_WARN_ABOUT_RETURN_TYPE = YES_ERROR;
				GCC_WARN_UNDECLARED_SELECTOR = YES;
				GCC_WARN_UNINITIALIZED_AUTOS = YES_AGGRESSIVE;
				GCC_WARN_UNUSED_FUNCTION = YES;
				GCC_WARN_UNUSED_VARIABLE = YES;
				IPHONEOS_DEPLOYMENT_TARGET = 9.3;
				MTL_ENABLE_DEBUG_INFO = YES;
				ONLY_ACTIVE_ARCH = YES;
				SDKROOT = iphoneos;
				SWIFT_OPTIMIZATION_LEVEL = "-Onone";
			};
			name = Debug;
		};
		C20AE5431D18E02E00628CC1 /* Release */ = {
			isa = XCBuildConfiguration;
			buildSettings = {
				ALWAYS_SEARCH_USER_PATHS = NO;
				CLANG_ANALYZER_NONNULL = YES;
				CLANG_CXX_LANGUAGE_STANDARD = "gnu++0x";
				CLANG_CXX_LIBRARY = "libc++";
				CLANG_ENABLE_MODULES = YES;
				CLANG_ENABLE_OBJC_ARC = YES;
				CLANG_WARN_BOOL_CONVERSION = YES;
				CLANG_WARN_CONSTANT_CONVERSION = YES;
				CLANG_WARN_DIRECT_OBJC_ISA_USAGE = YES_ERROR;
				CLANG_WARN_EMPTY_BODY = YES;
				CLANG_WARN_ENUM_CONVERSION = YES;
				CLANG_WARN_INT_CONVERSION = YES;
				CLANG_WARN_OBJC_ROOT_CLASS = YES_ERROR;
				CLANG_WARN_UNREACHABLE_CODE = YES;
				CLANG_WARN__DUPLICATE_METHOD_MATCH = YES;
				"CODE_SIGN_IDENTITY[sdk=iphoneos*]" = "iPhone Developer";
				COPY_PHASE_STRIP = NO;
				DEBUG_INFORMATION_FORMAT = "dwarf-with-dsym";
				ENABLE_NS_ASSERTIONS = NO;
				ENABLE_STRICT_OBJC_MSGSEND = YES;
				GCC_C_LANGUAGE_STANDARD = gnu99;
				GCC_NO_COMMON_BLOCKS = YES;
				GCC_WARN_64_TO_32_BIT_CONVERSION = YES;
				GCC_WARN_ABOUT_RETURN_TYPE = YES_ERROR;
				GCC_WARN_UNDECLARED_SELECTOR = YES;
				GCC_WARN_UNINITIALIZED_AUTOS = YES_AGGRESSIVE;
				GCC_WARN_UNUSED_FUNCTION = YES;
				GCC_WARN_UNUSED_VARIABLE = YES;
				IPHONEOS_DEPLOYMENT_TARGET = 9.3;
				MTL_ENABLE_DEBUG_INFO = NO;
				SDKROOT = iphoneos;
				VALIDATE_PRODUCT = YES;
			};
			name = Release;
		};
		C20AE5451D18E02E00628CC1 /* Debug */ = {
			isa = XCBuildConfiguration;
			buildSettings = {
				ASSETCATALOG_COMPILER_APPICON_NAME = AppIcon;
				INFOPLIST_FILE = ProgressHUD/Info.plist;
				LD_RUNPATH_SEARCH_PATHS = "$(inherited) @executable_path/Frameworks";
				PRODUCT_BUNDLE_IDENTIFIER = com.yuxi.ProgressHUD;
				PRODUCT_NAME = "$(TARGET_NAME)";
			};
			name = Debug;
		};
		C20AE5461D18E02E00628CC1 /* Release */ = {
			isa = XCBuildConfiguration;
			buildSettings = {
				ASSETCATALOG_COMPILER_APPICON_NAME = AppIcon;
				INFOPLIST_FILE = ProgressHUD/Info.plist;
				LD_RUNPATH_SEARCH_PATHS = "$(inherited) @executable_path/Frameworks";
				PRODUCT_BUNDLE_IDENTIFIER = com.yuxi.ProgressHUD;
				PRODUCT_NAME = "$(TARGET_NAME)";
			};
			name = Release;
		};
		C20AE5481D18E02E00628CC1 /* Debug */ = {
			isa = XCBuildConfiguration;
			buildSettings = {
				BUNDLE_LOADER = "$(TEST_HOST)";
				INFOPLIST_FILE = ProgressHUDTests/Info.plist;
				LD_RUNPATH_SEARCH_PATHS = "$(inherited) @executable_path/Frameworks @loader_path/Frameworks";
				PRODUCT_BUNDLE_IDENTIFIER = com.yuxi.ProgressHUDTests;
				PRODUCT_NAME = "$(TARGET_NAME)";
				TEST_HOST = "$(BUILT_PRODUCTS_DIR)/ProgressHUD.app/ProgressHUD";
			};
			name = Debug;
		};
		C20AE5491D18E02E00628CC1 /* Release */ = {
			isa = XCBuildConfiguration;
			buildSettings = {
				BUNDLE_LOADER = "$(TEST_HOST)";
				INFOPLIST_FILE = ProgressHUDTests/Info.plist;
				LD_RUNPATH_SEARCH_PATHS = "$(inherited) @executable_path/Frameworks @loader_path/Frameworks";
				PRODUCT_BUNDLE_IDENTIFIER = com.yuxi.ProgressHUDTests;
				PRODUCT_NAME = "$(TARGET_NAME)";
				TEST_HOST = "$(BUILT_PRODUCTS_DIR)/ProgressHUD.app/ProgressHUD";
			};
			name = Release;
		};
		C20AE54B1D18E02E00628CC1 /* Debug */ = {
			isa = XCBuildConfiguration;
			buildSettings = {
				INFOPLIST_FILE = ProgressHUDUITests/Info.plist;
				LD_RUNPATH_SEARCH_PATHS = "$(inherited) @executable_path/Frameworks @loader_path/Frameworks";
				PRODUCT_BUNDLE_IDENTIFIER = com.yuxi.ProgressHUDUITests;
				PRODUCT_NAME = "$(TARGET_NAME)";
				TEST_TARGET_NAME = ProgressHUD;
			};
			name = Debug;
		};
		C20AE54C1D18E02E00628CC1 /* Release */ = {
			isa = XCBuildConfiguration;
			buildSettings = {
				INFOPLIST_FILE = ProgressHUDUITests/Info.plist;
				LD_RUNPATH_SEARCH_PATHS = "$(inherited) @executable_path/Frameworks @loader_path/Frameworks";
				PRODUCT_BUNDLE_IDENTIFIER = com.yuxi.ProgressHUDUITests;
				PRODUCT_NAME = "$(TARGET_NAME)";
				TEST_TARGET_NAME = ProgressHUD;
			};
			name = Release;
		};
/* End XCBuildConfiguration section */

/* Begin XCConfigurationList section */
		C20AE5171D18E02D00628CC1 /* Build configuration list for PBXProject "ProgressHUD" */ = {
			isa = XCConfigurationList;
			buildConfigurations = (
				C20AE5421D18E02E00628CC1 /* Debug */,
				C20AE5431D18E02E00628CC1 /* Release */,
			);
			defaultConfigurationIsVisible = 0;
			defaultConfigurationName = Release;
		};
		C20AE5441D18E02E00628CC1 /* Build configuration list for PBXNativeTarget "ProgressHUD" */ = {
			isa = XCConfigurationList;
			buildConfigurations = (
				C20AE5451D18E02E00628CC1 /* Debug */,
				C20AE5461D18E02E00628CC1 /* Release */,
			);
			defaultConfigurationIsVisible = 0;
		};
		C20AE5471D18E02E00628CC1 /* Build configuration list for PBXNativeTarget "ProgressHUDTests" */ = {
			isa = XCConfigurationList;
			buildConfigurations = (
				C20AE5481D18E02E00628CC1 /* Debug */,
				C20AE5491D18E02E00628CC1 /* Release */,
			);
			defaultConfigurationIsVisible = 0;
		};
		C20AE54A1D18E02E00628CC1 /* Build configuration list for PBXNativeTarget "ProgressHUDUITests" */ = {
			isa = XCConfigurationList;
			buildConfigurations = (
				C20AE54B1D18E02E00628CC1 /* Debug */,
				C20AE54C1D18E02E00628CC1 /* Release */,
			);
			defaultConfigurationIsVisible = 0;
		};
/* End XCConfigurationList section */
	};
	rootObject = C20AE5141D18E02D00628CC1 /* Project object */;
}
